
Microsoft Visual Studio Solution File, Format Version 12.00
# Visual Studio Version 17
VisualStudioVersion = 17.5.33414.496
MinimumVisualStudioVersion = 10.0.40219.1
Project("{FAE04EC0-301F-11D3-BF4B-00C04F79EFBC}") = "quızApp", "quızApp\quızApp.csproj", "{12C35709-67C9-4FEB-A86B-FF1D80B26C1D}"
EndProject
Global
	GlobalSection(SolutionConfigurationPlatforms) = preSolution
		Debug|Any CPU = Debug|Any CPU
		Release|Any CPU = Release|Any CPU
	EndGlobalSection
	GlobalSection(ProjectConfigurationPlatforms) = postSolution
		{12C35709-67C9-4FEB-A86B-FF1D80B26C1D}.Debug|Any CPU.ActiveCfg = Debug|Any CPU
		{12C35709-67C9-4FEB-A86B-FF1D80B26C1D}.Debug|Any CPU.Build.0 = Debug|Any CPU
		{12C35709-67C9-4FEB-A86B-FF1D80B26C1D}.Release|Any CPU.ActiveCfg = Release|Any CPU
		{12C35709-67C9-4FEB-A86B-FF1D80B26C1D}.Release|Any CPU.Build.0 = Release|Any CPU
	EndGlobalSection
	GlobalSection(SolutionProperties) = preSolution
		HideSolutionNode = FALSE
	EndGlobalSection
	GlobalSection(ExtensibilityGlobals) = postSolution
		SolutionGuid = {CB6DC1FC-2D09-449E-AFEE-88BDFB69C514}
	EndGlobalSection
EndGlobal
